// !$*UTF8*$!
{
	archiveVersion = 1;
	classes = {
	};
	objectVersion = 50;
	objects = {

/* Begin PBXBuildFile section */
		4B0246E6253E0247004FDAFB /* testTDDAppSwiftUIApp.swift in Sources */ = {isa = PBXBuildFile; fileRef = 4B0246E5253E0247004FDAFB /* testTDDAppSwiftUIApp.swift */; };
		4B0246E8253E0247004FDAFB /* ContentView.swift in Sources */ = {isa = PBXBuildFile; fileRef = 4B0246E7253E0247004FDAFB /* ContentView.swift */; };
		4B0246EA253E0249004FDAFB /* Assets.xcassets in Resources */ = {isa = PBXBuildFile; fileRef = 4B0246E9253E0249004FDAFB /* Assets.xcassets */; };
		4B0246ED253E0249004FDAFB /* Preview Assets.xcassets in Resources */ = {isa = PBXBuildFile; fileRef = 4B0246EC253E0249004FDAFB /* Preview Assets.xcassets */; };
		4B0246EF253E0249004FDAFB /* Persistence.swift in Sources */ = {isa = PBXBuildFile; fileRef = 4B0246EE253E0249004FDAFB /* Persistence.swift */; };
		4B0246F2253E0249004FDAFB /* testTDDAppSwiftUI.xcdatamodeld in Sources */ = {isa = PBXBuildFile; fileRef = 4B0246F0253E0249004FDAFB /* testTDDAppSwiftUI.xcdatamodeld */; };
		4B0246FB253E0430004FDAFB /* EmpleadosData.json in Resources */ = {isa = PBXBuildFile; fileRef = 4B0246FA253E0430004FDAFB /* EmpleadosData.json */; };
		4B0246FE253E0443004FDAFB /* Model.swift in Sources */ = {isa = PBXBuildFile; fileRef = 4B0246FD253E0443004FDAFB /* Model.swift */; };
		4B024701253E07F1004FDAFB /* ContentViewArray.swift in Sources */ = {isa = PBXBuildFile; fileRef = 4B024700253E07F1004FDAFB /* ContentViewArray.swift */; };
		4B024704253E0B4E004FDAFB /* NetworkModel.swift in Sources */ = {isa = PBXBuildFile; fileRef = 4B024703253E0B4E004FDAFB /* NetworkModel.swift */; };
		4B024707253E11F3004FDAFB /* RowEmpleado.swift in Sources */ = {isa = PBXBuildFile; fileRef = 4B024706253E11F3004FDAFB /* RowEmpleado.swift */; };
		4B3F71F9253E381A00B3FB0F /* RowEmpleadoDB.swift in Sources */ = {isa = PBXBuildFile; fileRef = 4B3F71F8253E381A00B3FB0F /* RowEmpleadoDB.swift */; };
		4BE408FC253E30810085C540 /* testTDDAppSwiftUITests.swift in Sources */ = {isa = PBXBuildFile; fileRef = 4BE408FB253E30810085C540 /* testTDDAppSwiftUITests.swift */; };
		4BE40906253E31D10085C540 /* ModelDB.swift in Sources */ = {isa = PBXBuildFile; fileRef = 4BE40905253E31D00085C540 /* ModelDB.swift */; };
/* End PBXBuildFile section */

/* Begin PBXContainerItemProxy section */
		4BE408FE253E30810085C540 /* PBXContainerItemProxy */ = {
			isa = PBXContainerItemProxy;
			containerPortal = 4B0246DA253E0247004FDAFB /* Project object */;
			proxyType = 1;
			remoteGlobalIDString = 4B0246E1253E0247004FDAFB;
			remoteInfo = testTDDAppSwiftUI;
		};
/* End PBXContainerItemProxy section */

/* Begin PBXFileReference section */
		4B0246E2253E0247004FDAFB /* testTDDAppSwiftUI.app */ = {isa = PBXFileReference; explicitFileType = wrapper.application; includeInIndex = 0; path = testTDDAppSwiftUI.app; sourceTree = BUILT_PRODUCTS_DIR; };
		4B0246E5253E0247004FDAFB /* testTDDAppSwiftUIApp.swift */ = {isa = PBXFileReference; lastKnownFileType = sourcecode.swift; path = testTDDAppSwiftUIApp.swift; sourceTree = "<group>"; };
		4B0246E7253E0247004FDAFB /* ContentView.swift */ = {isa = PBXFileReference; lastKnownFileType = sourcecode.swift; path = ContentView.swift; sourceTree = "<group>"; };
		4B0246E9253E0249004FDAFB /* Assets.xcassets */ = {isa = PBXFileReference; lastKnownFileType = folder.assetcatalog; path = Assets.xcassets; sourceTree = "<group>"; };
		4B0246EC253E0249004FDAFB /* Preview Assets.xcassets */ = {isa = PBXFileReference; lastKnownFileType = folder.assetcatalog; path = "Preview Assets.xcassets"; sourceTree = "<group>"; };
		4B0246EE253E0249004FDAFB /* Persistence.swift */ = {isa = PBXFileReference; lastKnownFileType = sourcecode.swift; path = Persistence.swift; sourceTree = "<group>"; };
		4B0246F1253E0249004FDAFB /* testTDDAppSwiftUI.xcdatamodel */ = {isa = PBXFileReference; lastKnownFileType = wrapper.xcdatamodel; path = testTDDAppSwiftUI.xcdatamodel; sourceTree = "<group>"; };
		4B0246F3253E0249004FDAFB /* Info.plist */ = {isa = PBXFileReference; lastKnownFileType = text.plist.xml; path = Info.plist; sourceTree = "<group>"; };
		4B0246FA253E0430004FDAFB /* EmpleadosData.json */ = {isa = PBXFileReference; fileEncoding = 4; lastKnownFileType = text.json; path = EmpleadosData.json; sourceTree = "<group>"; };
		4B0246FD253E0443004FDAFB /* Model.swift */ = {isa = PBXFileReference; lastKnownFileType = sourcecode.swift; path = Model.swift; sourceTree = "<group>"; };
		4B024700253E07F1004FDAFB /* ContentViewArray.swift */ = {isa = PBXFileReference; lastKnownFileType = sourcecode.swift; path = ContentViewArray.swift; sourceTree = "<group>"; };
		4B024703253E0B4E004FDAFB /* NetworkModel.swift */ = {isa = PBXFileReference; lastKnownFileType = sourcecode.swift; path = NetworkModel.swift; sourceTree = "<group>"; };
		4B024706253E11F3004FDAFB /* RowEmpleado.swift */ = {isa = PBXFileReference; lastKnownFileType = sourcecode.swift; path = RowEmpleado.swift; sourceTree = "<group>"; };
		4B3F71F8253E381A00B3FB0F /* RowEmpleadoDB.swift */ = {isa = PBXFileReference; lastKnownFileType = sourcecode.swift; path = RowEmpleadoDB.swift; sourceTree = "<group>"; };
		4BE408F9253E30810085C540 /* testTDDAppSwiftUITests.xctest */ = {isa = PBXFileReference; explicitFileType = wrapper.cfbundle; includeInIndex = 0; path = testTDDAppSwiftUITests.xctest; sourceTree = BUILT_PRODUCTS_DIR; };
		4BE408FB253E30810085C540 /* testTDDAppSwiftUITests.swift */ = {isa = PBXFileReference; lastKnownFileType = sourcecode.swift; path = testTDDAppSwiftUITests.swift; sourceTree = "<group>"; };
		4BE408FD253E30810085C540 /* Info.plist */ = {isa = PBXFileReference; lastKnownFileType = text.plist.xml; path = Info.plist; sourceTree = "<group>"; };
		4BE40905253E31D00085C540 /* ModelDB.swift */ = {isa = PBXFileReference; lastKnownFileType = sourcecode.swift; path = ModelDB.swift; sourceTree = "<group>"; };
/* End PBXFileReference section */

/* Begin PBXFrameworksBuildPhase section */
		4B0246DF253E0247004FDAFB /* Frameworks */ = {
			isa = PBXFrameworksBuildPhase;
			buildActionMask = 2147483647;
			files = (
			);
			runOnlyForDeploymentPostprocessing = 0;
		};
		4BE408F6253E30810085C540 /* Frameworks */ = {
			isa = PBXFrameworksBuildPhase;
			buildActionMask = 2147483647;
			files = (
			);
			runOnlyForDeploymentPostprocessing = 0;
		};
/* End PBXFrameworksBuildPhase section */

/* Begin PBXGroup section */
		4B0246D9253E0247004FDAFB = {
			isa = PBXGroup;
			children = (
				4B0246E4253E0247004FDAFB /* testTDDAppSwiftUI */,
				4BE408FA253E30810085C540 /* testTDDAppSwiftUITests */,
				4B0246E3253E0247004FDAFB /* Products */,
			);
			sourceTree = "<group>";
		};
		4B0246E3253E0247004FDAFB /* Products */ = {
			isa = PBXGroup;
			children = (
				4B0246E2253E0247004FDAFB /* testTDDAppSwiftUI.app */,
				4BE408F9253E30810085C540 /* testTDDAppSwiftUITests.xctest */,
			);
			name = Products;
			sourceTree = "<group>";
		};
		4B0246E4253E0247004FDAFB /* testTDDAppSwiftUI */ = {
			isa = PBXGroup;
			children = (
				4B0246E5253E0247004FDAFB /* testTDDAppSwiftUIApp.swift */,
				4B0246E7253E0247004FDAFB /* ContentView.swift */,
				4B024700253E07F1004FDAFB /* ContentViewArray.swift */,
				4B024706253E11F3004FDAFB /* RowEmpleado.swift */,
				4B3F71F8253E381A00B3FB0F /* RowEmpleadoDB.swift */,
				4B0246E9253E0249004FDAFB /* Assets.xcassets */,
				4B0246EE253E0249004FDAFB /* Persistence.swift */,
				4B0246FD253E0443004FDAFB /* Model.swift */,
				4BE40905253E31D00085C540 /* ModelDB.swift */,
				4B024703253E0B4E004FDAFB /* NetworkModel.swift */,
				4B0246F3253E0249004FDAFB /* Info.plist */,
				4B0246FA253E0430004FDAFB /* EmpleadosData.json */,
				4B0246F0253E0249004FDAFB /* testTDDAppSwiftUI.xcdatamodeld */,
				4B0246EB253E0249004FDAFB /* Preview Content */,
			);
			path = testTDDAppSwiftUI;
			sourceTree = "<group>";
		};
		4B0246EB253E0249004FDAFB /* Preview Content */ = {
			isa = PBXGroup;
			children = (
				4B0246EC253E0249004FDAFB /* Preview Assets.xcassets */,
			);
			path = "Preview Content";
			sourceTree = "<group>";
		};
		4BE408FA253E30810085C540 /* testTDDAppSwiftUITests */ = {
			isa = PBXGroup;
			children = (
				4BE408FB253E30810085C540 /* testTDDAppSwiftUITests.swift */,
				4BE408FD253E30810085C540 /* Info.plist */,
			);
			path = testTDDAppSwiftUITests;
			sourceTree = "<group>";
		};
/* End PBXGroup section */

/* Begin PBXNativeTarget section */
		4B0246E1253E0247004FDAFB /* testTDDAppSwiftUI */ = {
			isa = PBXNativeTarget;
			buildConfigurationList = 4B0246F6253E0249004FDAFB /* Build configuration list for PBXNativeTarget "testTDDAppSwiftUI" */;
			buildPhases = (
				4B0246DE253E0247004FDAFB /* Sources */,
				4B0246DF253E0247004FDAFB /* Frameworks */,
				4B0246E0253E0247004FDAFB /* Resources */,
			);
			buildRules = (
			);
			dependencies = (
			);
			name = testTDDAppSwiftUI;
			productName = testTDDAppSwiftUI;
			productReference = 4B0246E2253E0247004FDAFB /* testTDDAppSwiftUI.app */;
			productType = "com.apple.product-type.application";
		};
		4BE408F8253E30810085C540 /* testTDDAppSwiftUITests */ = {
			isa = PBXNativeTarget;
			buildConfigurationList = 4BE40902253E30810085C540 /* Build configuration list for PBXNativeTarget "testTDDAppSwiftUITests" */;
			buildPhases = (
				4BE408F5253E30810085C540 /* Sources */,
				4BE408F6253E30810085C540 /* Frameworks */,
				4BE408F7253E30810085C540 /* Resources */,
			);
			buildRules = (
			);
			dependencies = (
				4BE408FF253E30810085C540 /* PBXTargetDependency */,
			);
			name = testTDDAppSwiftUITests;
			productName = testTDDAppSwiftUITests;
			productReference = 4BE408F9253E30810085C540 /* testTDDAppSwiftUITests.xctest */;
			productType = "com.apple.product-type.bundle.unit-test";
		};
/* End PBXNativeTarget section */

/* Begin PBXProject section */
		4B0246DA253E0247004FDAFB /* Project object */ = {
			isa = PBXProject;
			attributes = {
				LastSwiftUpdateCheck = 1200;
				LastUpgradeCheck = 1200;
				TargetAttributes = {
					4B0246E1253E0247004FDAFB = {
						CreatedOnToolsVersion = 12.0.1;
					};
					4BE408F8253E30810085C540 = {
						CreatedOnToolsVersion = 12.0.1;
						TestTargetID = 4B0246E1253E0247004FDAFB;
					};
				};
			};
			buildConfigurationList = 4B0246DD253E0247004FDAFB /* Build configuration list for PBXProject "testTDDAppSwiftUI" */;
			compatibilityVersion = "Xcode 9.3";
			developmentRegion = en;
			hasScannedForEncodings = 0;
			knownRegions = (
				en,
				Base,
			);
			mainGroup = 4B0246D9253E0247004FDAFB;
			productRefGroup = 4B0246E3253E0247004FDAFB /* Products */;
			projectDirPath = "";
			projectRoot = "";
			targets = (
				4B0246E1253E0247004FDAFB /* testTDDAppSwiftUI */,
				4BE408F8253E30810085C540 /* testTDDAppSwiftUITests */,
			);
		};
/* End PBXProject section */

/* Begin PBXResourcesBuildPhase section */
		4B0246E0253E0247004FDAFB /* Resources */ = {
			isa = PBXResourcesBuildPhase;
			buildActionMask = 2147483647;
			files = (
				4B0246ED253E0249004FDAFB /* Preview Assets.xcassets in Resources */,
				4B0246EA253E0249004FDAFB /* Assets.xcassets in Resources */,
				4B0246FB253E0430004FDAFB /* EmpleadosData.json in Resources */,
			);
			runOnlyForDeploymentPostprocessing = 0;
		};
		4BE408F7253E30810085C540 /* Resources */ = {
			isa = PBXResourcesBuildPhase;
			buildActionMask = 2147483647;
			files = (
			);
			runOnlyForDeploymentPostprocessing = 0;
		};
/* End PBXResourcesBuildPhase section */

/* Begin PBXSourcesBuildPhase section */
		4B0246DE253E0247004FDAFB /* Sources */ = {
			isa = PBXSourcesBuildPhase;
			buildActionMask = 2147483647;
			files = (
				4BE40906253E31D10085C540 /* ModelDB.swift in Sources */,
				4B0246FE253E0443004FDAFB /* Model.swift in Sources */,
				4B0246EF253E0249004FDAFB /* Persistence.swift in Sources */,
				4B3F71F9253E381A00B3FB0F /* RowEmpleadoDB.swift in Sources */,
				4B024701253E07F1004FDAFB /* ContentViewArray.swift in Sources */,
				4B024707253E11F3004FDAFB /* RowEmpleado.swift in Sources */,
				4B0246E8253E0247004FDAFB /* ContentView.swift in Sources */,
				4B0246F2253E0249004FDAFB /* testTDDAppSwiftUI.xcdatamodeld in Sources */,
				4B024704253E0B4E004FDAFB /* NetworkModel.swift in Sources */,
				4B0246E6253E0247004FDAFB /* testTDDAppSwiftUIApp.swift in Sources */,
			);
			runOnlyForDeploymentPostprocessing = 0;
		};
		4BE408F5253E30810085C540 /* Sources */ = {
			isa = PBXSourcesBuildPhase;
			buildActionMask = 2147483647;
			files = (
				4BE408FC253E30810085C540 /* testTDDAppSwiftUITests.swift in Sources */,
			);
			runOnlyForDeploymentPostprocessing = 0;
		};
/* End PBXSourcesBuildPhase section */

/* Begin PBXTargetDependency section */
		4BE408FF253E30810085C540 /* PBXTargetDependency */ = {
			isa = PBXTargetDependency;
			target = 4B0246E1253E0247004FDAFB /* testTDDAppSwiftUI */;
			targetProxy = 4BE408FE253E30810085C540 /* PBXContainerItemProxy */;
		};
/* End PBXTargetDependency section */

/* Begin XCBuildConfiguration section */
		4B0246F4253E0249004FDAFB /* Debug */ = {
			isa = XCBuildConfiguration;
			buildSettings = {
				ALWAYS_SEARCH_USER_PATHS = NO;
				CLANG_ANALYZER_NONNULL = YES;
				CLANG_ANALYZER_NUMBER_OBJECT_CONVERSION = YES_AGGRESSIVE;
				CLANG_CXX_LANGUAGE_STANDARD = "gnu++14";
				CLANG_CXX_LIBRARY = "libc++";
				CLANG_ENABLE_MODULES = YES;
				CLANG_ENABLE_OBJC_ARC = YES;
				CLANG_ENABLE_OBJC_WEAK = YES;
				CLANG_WARN_BLOCK_CAPTURE_AUTORELEASING = YES;
				CLANG_WARN_BOOL_CONVERSION = YES;
				CLANG_WARN_COMMA = YES;
				CLANG_WARN_CONSTANT_CONVERSION = YES;
				CLANG_WARN_DEPRECATED_OBJC_IMPLEMENTATIONS = YES;
				CLANG_WARN_DIRECT_OBJC_ISA_USAGE = YES_ERROR;
				CLANG_WARN_DOCUMENTATION_COMMENTS = YES;
				CLANG_WARN_EMPTY_BODY = YES;
				CLANG_WARN_ENUM_CONVERSION = YES;
				CLANG_WARN_INFINITE_RECURSION = YES;
				CLANG_WARN_INT_CONVERSION = YES;
				CLANG_WARN_NON_LITERAL_NULL_CONVERSION = YES;
				CLANG_WARN_OBJC_IMPLICIT_RETAIN_SELF = YES;
				CLANG_WARN_OBJC_LITERAL_CONVERSION = YES;
				CLANG_WARN_OBJC_ROOT_CLASS = YES_ERROR;
				CLANG_WARN_QUOTED_INCLUDE_IN_FRAMEWORK_HEADER = YES;
				CLANG_WARN_RANGE_LOOP_ANALYSIS = YES;
				CLANG_WARN_STRICT_PROTOTYPES = YES;
				CLANG_WARN_SUSPICIOUS_MOVE = YES;
				CLANG_WARN_UNGUARDED_AVAILABILITY = YES_AGGRESSIVE;
				CLANG_WARN_UNREACHABLE_CODE = YES;
				CLANG_WARN__DUPLICATE_METHOD_MATCH = YES;
				COPY_PHASE_STRIP = NO;
				DEBUG_INFORMATION_FORMAT = dwarf;
				ENABLE_STRICT_OBJC_MSGSEND = YES;
				ENABLE_TESTABILITY = YES;
				GCC_C_LANGUAGE_STANDARD = gnu11;
				GCC_DYNAMIC_NO_PIC = NO;
				GCC_NO_COMMON_BLOCKS = YES;
				GCC_OPTIMIZATION_LEVEL = 0;
				GCC_PREPROCESSOR_DEFINITIONS = (
					"DEBUG=1",
					"$(inherited)",
				);
				GCC_WARN_64_TO_32_BIT_CONVERSION = YES;
				GCC_WARN_ABOUT_RETURN_TYPE = YES_ERROR;
				GCC_WARN_UNDECLARED_SELECTOR = YES;
				GCC_WARN_UNINITIALIZED_AUTOS = YES_AGGRESSIVE;
				GCC_WARN_UNUSED_FUNCTION = YES;
				GCC_WARN_UNUSED_VARIABLE = YES;
				IPHONEOS_DEPLOYMENT_TARGET = 14.0;
				MTL_ENABLE_DEBUG_INFO = INCLUDE_SOURCE;
				MTL_FAST_MATH = YES;
				ONLY_ACTIVE_ARCH = YES;
				SDKROOT = iphoneos;
				SWIFT_ACTIVE_COMPILATION_CONDITIONS = DEBUG;
				SWIFT_OPTIMIZATION_LEVEL = "-Onone";
			};
			name = Debug;
		};
		4B0246F5253E0249004FDAFB /* Release */ = {
			isa = XCBuildConfiguration;
			buildSettings = {
				ALWAYS_SEARCH_USER_PATHS = NO;
				CLANG_ANALYZER_NONNULL = YES;
				CLANG_ANALYZER_NUMBER_OBJECT_CONVERSION = YES_AGGRESSIVE;
				CLANG_CXX_LANGUAGE_STANDARD = "gnu++14";
				CLANG_CXX_LIBRARY = "libc++";
				CLANG_ENABLE_MODULES = YES;
				CLANG_ENABLE_OBJC_ARC = YES;
				CLANG_ENABLE_OBJC_WEAK = YES;
				CLANG_WARN_BLOCK_CAPTURE_AUTORELEASING = YES;
				CLANG_WARN_BOOL_CONVERSION = YES;
				CLANG_WARN_COMMA = YES;
				CLANG_WARN_CONSTANT_CONVERSION = YES;
				CLANG_WARN_DEPRECATED_OBJC_IMPLEMENTATIONS = YES;
				CLANG_WARN_DIRECT_OBJC_ISA_USAGE = YES_ERROR;
				CLANG_WARN_DOCUMENTATION_COMMENTS = YES;
				CLANG_WARN_EMPTY_BODY = YES;
				CLANG_WARN_ENUM_CONVERSION = YES;
				CLANG_WARN_INFINITE_RECURSION = YES;
				CLANG_WARN_INT_CONVERSION = YES;
				CLANG_WARN_NON_LITERAL_NULL_CONVERSION = YES;
				CLANG_WARN_OBJC_IMPLICIT_RETAIN_SELF = YES;
				CLANG_WARN_OBJC_LITERAL_CONVERSION = YES;
				CLANG_WARN_OBJC_ROOT_CLASS = YES_ERROR;
				CLANG_WARN_QUOTED_INCLUDE_IN_FRAMEWORK_HEADER = YES;
				CLANG_WARN_RANGE_LOOP_ANALYSIS = YES;
				CLANG_WARN_STRICT_PROTOTYPES = YES;
				CLANG_WARN_SUSPICIOUS_MOVE = YES;
				CLANG_WARN_UNGUARDED_AVAILABILITY = YES_AGGRESSIVE;
				CLANG_WARN_UNREACHABLE_CODE = YES;
				CLANG_WARN__DUPLICATE_METHOD_MATCH = YES;
				COPY_PHASE_STRIP = NO;
				DEBUG_INFORMATION_FORMAT = "dwarf-with-dsym";
				ENABLE_NS_ASSERTIONS = NO;
				ENABLE_STRICT_OBJC_MSGSEND = YES;
				GCC_C_LANGUAGE_STANDARD = gnu11;
				GCC_NO_COMMON_BLOCKS = YES;
				GCC_WARN_64_TO_32_BIT_CONVERSION = YES;
				GCC_WARN_ABOUT_RETURN_TYPE = YES_ERROR;
				GCC_WARN_UNDECLARED_SELECTOR = YES;
				GCC_WARN_UNINITIALIZED_AUTOS = YES_AGGRESSIVE;
				GCC_WARN_UNUSED_FUNCTION = YES;
				GCC_WARN_UNUSED_VARIABLE = YES;
				IPHONEOS_DEPLOYMENT_TARGET = 14.0;
				MTL_ENABLE_DEBUG_INFO = NO;
				MTL_FAST_MATH = YES;
				SDKROOT = iphoneos;
				SWIFT_COMPILATION_MODE = wholemodule;
				SWIFT_OPTIMIZATION_LEVEL = "-O";
				VALIDATE_PRODUCT = YES;
			};
			name = Release;
		};
		4B0246F7253E0249004FDAFB /* Debug */ = {
			isa = XCBuildConfiguration;
			buildSettings = {
				ASSETCATALOG_COMPILER_APPICON_NAME = AppIcon;
				ASSETCATALOG_COMPILER_GLOBAL_ACCENT_COLOR_NAME = AccentColor;
				CODE_SIGN_STYLE = Automatic;
				DEVELOPMENT_ASSET_PATHS = "\"testTDDAppSwiftUI/Preview Content\"";
				DEVELOPMENT_TEAM = 576T2M2BDH;
				ENABLE_PREVIEWS = YES;
				INFOPLIST_FILE = testTDDAppSwiftUI/Info.plist;
				IPHONEOS_DEPLOYMENT_TARGET = 14.0;
				LD_RUNPATH_SEARCH_PATHS = (
					"$(inherited)",
					"@executable_path/Frameworks",
				);
				PRODUCT_BUNDLE_IDENTIFIER = com.gabhelstudios.testTDDAppSwiftUI;
				PRODUCT_NAME = "$(TARGET_NAME)";
				SWIFT_VERSION = 5.0;
				TARGETED_DEVICE_FAMILY = "1,2";
			};
			name = Debug;
		};
		4B0246F8253E0249004FDAFB /* Release */ = {
			isa = XCBuildConfiguration;
			buildSettings = {
				ASSETCATALOG_COMPILER_APPICON_NAME = AppIcon;
				ASSETCATALOG_COMPILER_GLOBAL_ACCENT_COLOR_NAME = AccentColor;
				CODE_SIGN_STYLE = Automatic;
				DEVELOPMENT_ASSET_PATHS = "\"testTDDAppSwiftUI/Preview Content\"";
				DEVELOPMENT_TEAM = 576T2M2BDH;
				ENABLE_PREVIEWS = YES;
				INFOPLIST_FILE = testTDDAppSwiftUI/Info.plist;
				IPHONEOS_DEPLOYMENT_TARGET = 14.0;
				LD_RUNPATH_SEARCH_PATHS = (
					"$(inherited)",
					"@executable_path/Frameworks",
				);
				PRODUCT_BUNDLE_IDENTIFIER = com.gabhelstudios.testTDDAppSwiftUI;
				PRODUCT_NAME = "$(TARGET_NAME)";
				SWIFT_VERSION = 5.0;
				TARGETED_DEVICE_FAMILY = "1,2";
			};
			name = Release;
		};
		4BE40900253E30810085C540 /* Debug */ = {
			isa = XCBuildConfiguration;
			buildSettings = {
				BUNDLE_LOADER = "$(TEST_HOST)";
				CODE_SIGN_STYLE = Automatic;
				DEVELOPMENT_TEAM = 576T2M2BDH;
				INFOPLIST_FILE = testTDDAppSwiftUITests/Info.plist;
				LD_RUNPATH_SEARCH_PATHS = (
					"$(inherited)",
					"@executable_path/Frameworks",
					"@loader_path/Frameworks",
				);
				PRODUCT_BUNDLE_IDENTIFIER = com.gabhelstudios.testTDDAppSwiftUITests;
				PRODUCT_NAME = "$(TARGET_NAME)";
				SWIFT_VERSION = 5.0;
				TARGETED_DEVICE_FAMILY = "1,2";
				TEST_HOST = "$(BUILT_PRODUCTS_DIR)/testTDDAppSwiftUI.app/testTDDAppSwiftUI";
			};
			name = Debug;
		};
		4BE40901253E30810085C540 /* Release */ = {
			isa = XCBuildConfiguration;
			buildSettings = {
				BUNDLE_LOADER = "$(TEST_HOST)";
				CODE_SIGN_STYLE = Automatic;
				DEVELOPMENT_TEAM = 576T2M2BDH;
				INFOPLIST_FILE = testTDDAppSwiftUITests/Info.plist;
				LD_RUNPATH_SEARCH_PATHS = (
					"$(inherited)",
					"@executable_path/Frameworks",
					"@loader_path/Frameworks",
				);
				PRODUCT_BUNDLE_IDENTIFIER = com.gabhelstudios.testTDDAppSwiftUITests;
				PRODUCT_NAME = "$(TARGET_NAME)";
				SWIFT_VERSION = 5.0;
				TARGETED_DEVICE_FAMILY = "1,2";
				TEST_HOST = "$(BUILT_PRODUCTS_DIR)/testTDDAppSwiftUI.app/testTDDAppSwiftUI";
			};
			name = Release;
		};
/* End XCBuildConfiguration section */

/* Begin XCConfigurationList section */
		4B0246DD253E0247004FDAFB /* Build configuration list for PBXProject "testTDDAppSwiftUI" */ = {
			isa = XCConfigurationList;
			buildConfigurations = (
				4B0246F4253E0249004FDAFB /* Debug */,
				4B0246F5253E0249004FDAFB /* Release */,
			);
			defaultConfigurationIsVisible = 0;
			defaultConfigurationName = Release;
		};
		4B0246F6253E0249004FDAFB /* Build configuration list for PBXNativeTarget "testTDDAppSwiftUI" */ = {
			isa = XCConfigurationList;
			buildConfigurations = (
				4B0246F7253E0249004FDAFB /* Debug */,
				4B0246F8253E0249004FDAFB /* Release */,
			);
			defaultConfigurationIsVisible = 0;
			defaultConfigurationName = Release;
		};
		4BE40902253E30810085C540 /* Build configuration list for PBXNativeTarget "testTDDAppSwiftUITests" */ = {
			isa = XCConfigurationList;
			buildConfigurations = (
				4BE40900253E30810085C540 /* Debug */,
				4BE40901253E30810085C540 /* Release */,
			);
			defaultConfigurationIsVisible = 0;
			defaultConfigurationName = Release;
		};
/* End XCConfigurationList section */

/* Begin XCVersionGroup section */
		4B0246F0253E0249004FDAFB /* testTDDAppSwiftUI.xcdatamodeld */ = {
			isa = XCVersionGroup;
			children = (
				4B0246F1253E0249004FDAFB /* testTDDAppSwiftUI.xcdatamodel */,
			);
			currentVersion = 4B0246F1253E0249004FDAFB /* testTDDAppSwiftUI.xcdatamodel */;
			path = testTDDAppSwiftUI.xcdatamodeld;
			sourceTree = "<group>";
			versionGroupType = wrapper.xcdatamodel;
		};
/* End XCVersionGroup section */
	};
	rootObject = 4B0246DA253E0247004FDAFB /* Project object */;
}
